
Microsoft Visual Studio Solution File, Format Version 12.00
# Visual Studio Version 17
VisualStudioVersion = 17.11.35208.52
MinimumVisualStudioVersion = 10.0.40219.1
Project("{FAE04EC0-301F-11D3-BF4B-00C04F79EFBC}") = "CodeApi", "CodeApi.csproj", "{1E7254E3-B110-4D63-ABC5-30B1993C3E7A}"
EndProject
Global
	GlobalSection(SolutionConfigurationPlatforms) = preSolution
		Debug|Any CPU = Debug|Any CPU
		Release|Any CPU = Release|Any CPU
	EndGlobalSection
	GlobalSection(ProjectConfigurationPlatforms) = postSolution
		{1E7254E3-B110-4D63-ABC5-30B1993C3E7A}.Debug|Any CPU.ActiveCfg = Debug|Any CPU
		{1E7254E3-B110-4D63-ABC5-30B1993C3E7A}.Debug|Any CPU.Build.0 = Debug|Any CPU
		{1E7254E3-B110-4D63-ABC5-30B1993C3E7A}.Release|Any CPU.ActiveCfg = Release|Any CPU
		{1E7254E3-B110-4D63-ABC5-30B1993C3E7A}.Release|Any CPU.Build.0 = Release|Any CPU
	EndGlobalSection
	GlobalSection(SolutionProperties) = preSolution
		HideSolutionNode = FALSE
	EndGlobalSection
	GlobalSection(ExtensibilityGlobals) = postSolution
		SolutionGuid = {7C5D022B-5A5F-4172-A1F1-60BCD062A3A9}
	EndGlobalSection
EndGlobal
